
Microsoft Visual Studio Solution File, Format Version 12.00
# Visual Studio Version 16
VisualStudioVersion = 16.0.30517.126
MinimumVisualStudioVersion = 10.0.40219.1
Project("{FAE04EC0-301F-11D3-BF4B-00C04F79EFBC}") = "XamBookstoreApp.Api", "XamBookstoreApp.Api\XamBookstoreApp.Api.csproj", "{EAD22E0F-E17D-43D6-AE0E-C590D14BAB98}"
EndProject
Project("{FAE04EC0-301F-11D3-BF4B-00C04F79EFBC}") = "XamBookstoreApp.Mob.Android", "XamBookstoreApp.Mob\XamBookstoreApp.Mob.Android\XamBookstoreApp.Mob.Android.csproj", "{BBB5437D-DAD1-4E5A-92A4-273B678F1C7C}"
EndProject
Project("{FAE04EC0-301F-11D3-BF4B-00C04F79EFBC}") = "XamBookstoreApp.Mob", "XamBookstoreApp.Mob\XamBookstoreApp.Mob\XamBookstoreApp.Mob.csproj", "{0B7590CA-7AF9-4C5F-9E9A-E16C9B7B7F1A}"
EndProject
Global
	GlobalSection(SolutionConfigurationPlatforms) = preSolution
		Debug|Any CPU = Debug|Any CPU
		Release|Any CPU = Release|Any CPU
	EndGlobalSection
	GlobalSection(ProjectConfigurationPlatforms) = postSolution
		{EAD22E0F-E17D-43D6-AE0E-C590D14BAB98}.Debug|Any CPU.ActiveCfg = Debug|Any CPU
		{EAD22E0F-E17D-43D6-AE0E-C590D14BAB98}.Debug|Any CPU.Build.0 = Debug|Any CPU
		{EAD22E0F-E17D-43D6-AE0E-C590D14BAB98}.Release|Any CPU.ActiveCfg = Release|Any CPU
		{EAD22E0F-E17D-43D6-AE0E-C590D14BAB98}.Release|Any CPU.Build.0 = Release|Any CPU
		{BBB5437D-DAD1-4E5A-92A4-273B678F1C7C}.Debug|Any CPU.ActiveCfg = Debug|Any CPU
		{BBB5437D-DAD1-4E5A-92A4-273B678F1C7C}.Debug|Any CPU.Build.0 = Debug|Any CPU
		{BBB5437D-DAD1-4E5A-92A4-273B678F1C7C}.Debug|Any CPU.Deploy.0 = Debug|Any CPU
		{BBB5437D-DAD1-4E5A-92A4-273B678F1C7C}.Release|Any CPU.ActiveCfg = Release|Any CPU
		{BBB5437D-DAD1-4E5A-92A4-273B678F1C7C}.Release|Any CPU.Build.0 = Release|Any CPU
		{BBB5437D-DAD1-4E5A-92A4-273B678F1C7C}.Release|Any CPU.Deploy.0 = Release|Any CPU
		{0B7590CA-7AF9-4C5F-9E9A-E16C9B7B7F1A}.Debug|Any CPU.ActiveCfg = Debug|Any CPU
		{0B7590CA-7AF9-4C5F-9E9A-E16C9B7B7F1A}.Debug|Any CPU.Build.0 = Debug|Any CPU
		{0B7590CA-7AF9-4C5F-9E9A-E16C9B7B7F1A}.Release|Any CPU.ActiveCfg = Release|Any CPU
		{0B7590CA-7AF9-4C5F-9E9A-E16C9B7B7F1A}.Release|Any CPU.Build.0 = Release|Any CPU
	EndGlobalSection
	GlobalSection(SolutionProperties) = preSolution
		HideSolutionNode = FALSE
	EndGlobalSection
	GlobalSection(ExtensibilityGlobals) = postSolution
		SolutionGuid = {AE9BA341-6AC6-40DE-9EFD-5F88AFCCE2E9}
	EndGlobalSection
EndGlobal
